
Microsoft Visual Studio Solution File, Format Version 12.00
# Visual Studio Version 17
VisualStudioVersion = 17.8.34408.163
MinimumVisualStudioVersion = 10.0.40219.1
Project("{FAE04EC0-301F-11D3-BF4B-00C04F79EFBC}") = "ApiCatalogo", "ApiCatalogo.csproj", "{D5944540-E869-41A4-B6AB-E8284FFA8159}"
EndProject
Global
	GlobalSection(SolutionConfigurationPlatforms) = preSolution
		Debug|Any CPU = Debug|Any CPU
		Release|Any CPU = Release|Any CPU
	EndGlobalSection
	GlobalSection(ProjectConfigurationPlatforms) = postSolution
		{D5944540-E869-41A4-B6AB-E8284FFA8159}.Debug|Any CPU.ActiveCfg = Debug|Any CPU
		{D5944540-E869-41A4-B6AB-E8284FFA8159}.Debug|Any CPU.Build.0 = Debug|Any CPU
		{D5944540-E869-41A4-B6AB-E8284FFA8159}.Release|Any CPU.ActiveCfg = Release|Any CPU
		{D5944540-E869-41A4-B6AB-E8284FFA8159}.Release|Any CPU.Build.0 = Release|Any CPU
	EndGlobalSection
	GlobalSection(SolutionProperties) = preSolution
		HideSolutionNode = FALSE
	EndGlobalSection
	GlobalSection(ExtensibilityGlobals) = postSolution
		SolutionGuid = {EBD8161F-DB0F-432B-93DC-94E142B1D1C9}
	EndGlobalSection
EndGlobal
